
Microsoft Visual Studio Solution File, Format Version 12.00
# Visual Studio Version 17
VisualStudioVersion = 17.2.32630.192
MinimumVisualStudioVersion = 10.0.40219.1
Project("{8BC9CEB8-8B4A-11D0-8D11-00A0C91BC942}") = "Явное декартовое дерево", "Явное декартовое дерево\Явное декартовое дерево.vcxproj", "{451310C4-8409-4976-9CA7-71C30F265D7E}"
EndProject
Global
	GlobalSection(SolutionConfigurationPlatforms) = preSolution
		Debug|x64 = Debug|x64
		Debug|x86 = Debug|x86
		Release|x64 = Release|x64
		Release|x86 = Release|x86
	EndGlobalSection
	GlobalSection(ProjectConfigurationPlatforms) = postSolution
		{451310C4-8409-4976-9CA7-71C30F265D7E}.Debug|x64.ActiveCfg = Debug|x64
		{451310C4-8409-4976-9CA7-71C30F265D7E}.Debug|x64.Build.0 = Debug|x64
		{451310C4-8409-4976-9CA7-71C30F265D7E}.Debug|x86.ActiveCfg = Debug|Win32
		{451310C4-8409-4976-9CA7-71C30F265D7E}.Debug|x86.Build.0 = Debug|Win32
		{451310C4-8409-4976-9CA7-71C30F265D7E}.Release|x64.ActiveCfg = Release|x64
		{451310C4-8409-4976-9CA7-71C30F265D7E}.Release|x64.Build.0 = Release|x64
		{451310C4-8409-4976-9CA7-71C30F265D7E}.Release|x86.ActiveCfg = Release|Win32
		{451310C4-8409-4976-9CA7-71C30F265D7E}.Release|x86.Build.0 = Release|Win32
	EndGlobalSection
	GlobalSection(SolutionProperties) = preSolution
		HideSolutionNode = FALSE
	EndGlobalSection
	GlobalSection(ExtensibilityGlobals) = postSolution
		SolutionGuid = {93949D7E-1419-488A-B8B9-4E9EAEE8792A}
	EndGlobalSection
EndGlobal
